
Microsoft Visual Studio Solution File, Format Version 12.00
# Visual Studio Version 17
VisualStudioVersion = 17.3.32901.215
MinimumVisualStudioVersion = 10.0.40219.1
Project("{FAE04EC0-301F-11D3-BF4B-00C04F79EFBC}") = "MySqlApp", "MySqlApp\MySqlApp.csproj", "{E3E4CFB0-FFB6-460E-B0C2-241B2043506B}"
EndProject
Global
	GlobalSection(SolutionConfigurationPlatforms) = preSolution
		Debug|Any CPU = Debug|Any CPU
		Release|Any CPU = Release|Any CPU
	EndGlobalSection
	GlobalSection(ProjectConfigurationPlatforms) = postSolution
		{E3E4CFB0-FFB6-460E-B0C2-241B2043506B}.Debug|Any CPU.ActiveCfg = Debug|Any CPU
		{E3E4CFB0-FFB6-460E-B0C2-241B2043506B}.Debug|Any CPU.Build.0 = Debug|Any CPU
		{E3E4CFB0-FFB6-460E-B0C2-241B2043506B}.Release|Any CPU.ActiveCfg = Release|Any CPU
		{E3E4CFB0-FFB6-460E-B0C2-241B2043506B}.Release|Any CPU.Build.0 = Release|Any CPU
	EndGlobalSection
	GlobalSection(SolutionProperties) = preSolution
		HideSolutionNode = FALSE
	EndGlobalSection
	GlobalSection(ExtensibilityGlobals) = postSolution
		SolutionGuid = {48A4790D-428B-4D1E-8C94-B39A7333C190}
	EndGlobalSection
EndGlobal
